
Microsoft Visual Studio Solution File, Format Version 12.00
# Visual Studio Version 17
VisualStudioVersion = 17.7.34031.279
MinimumVisualStudioVersion = 10.0.40219.1
Project("{FAE04EC0-301F-11D3-BF4B-00C04F79EFBC}") = "Lab5", "Lab5\Lab5.csproj", "{DCE9CE70-CF3E-48F6-B514-03260B3873B8}"
EndProject
Global
	GlobalSection(SolutionConfigurationPlatforms) = preSolution
		Debug|Any CPU = Debug|Any CPU
		Release|Any CPU = Release|Any CPU
	EndGlobalSection
	GlobalSection(ProjectConfigurationPlatforms) = postSolution
		{DCE9CE70-CF3E-48F6-B514-03260B3873B8}.Debug|Any CPU.ActiveCfg = Debug|Any CPU
		{DCE9CE70-CF3E-48F6-B514-03260B3873B8}.Debug|Any CPU.Build.0 = Debug|Any CPU
		{DCE9CE70-CF3E-48F6-B514-03260B3873B8}.Release|Any CPU.ActiveCfg = Release|Any CPU
		{DCE9CE70-CF3E-48F6-B514-03260B3873B8}.Release|Any CPU.Build.0 = Release|Any CPU
	EndGlobalSection
	GlobalSection(SolutionProperties) = preSolution
		HideSolutionNode = FALSE
	EndGlobalSection
	GlobalSection(ExtensibilityGlobals) = postSolution
		SolutionGuid = {D901524E-F5AE-44C4-87ED-557AD110D918}
	EndGlobalSection
EndGlobal
